
Microsoft Visual Studio Solution File, Format Version 12.00
# Visual Studio 2012
Project("{FAE04EC0-301F-11D3-BF4B-00C04F79EFBC}") = "CartaMayor", "CartaMayor\CartaMayor.csproj", "{779825C3-DDD0-42AD-8AC3-15172FC7B986}"
EndProject
Global
	GlobalSection(SolutionConfigurationPlatforms) = preSolution
		Debug|Any CPU = Debug|Any CPU
		Release|Any CPU = Release|Any CPU
	EndGlobalSection
	GlobalSection(ProjectConfigurationPlatforms) = postSolution
		{779825C3-DDD0-42AD-8AC3-15172FC7B986}.Debug|Any CPU.ActiveCfg = Debug|Any CPU
		{779825C3-DDD0-42AD-8AC3-15172FC7B986}.Debug|Any CPU.Build.0 = Debug|Any CPU
		{779825C3-DDD0-42AD-8AC3-15172FC7B986}.Release|Any CPU.ActiveCfg = Release|Any CPU
		{779825C3-DDD0-42AD-8AC3-15172FC7B986}.Release|Any CPU.Build.0 = Release|Any CPU
	EndGlobalSection
	GlobalSection(SolutionProperties) = preSolution
		HideSolutionNode = FALSE
	EndGlobalSection
EndGlobal
